
Microsoft Visual Studio Solution File, Format Version 12.00
# Visual Studio Version 16
VisualStudioVersion = 16.0.31624.102
MinimumVisualStudioVersion = 10.0.40219.1
Project("{9A19103F-16F7-4668-BE54-9A1E7A4F7556}") = "todojuan.Cammon", "todojuan.Cammon\todojuan.Cammon.csproj", "{B74115C2-5746-4C43-B6B4-BFF378166EB7}"
EndProject
Project("{9A19103F-16F7-4668-BE54-9A1E7A4F7556}") = "todojuan.Functions", "todojuan.Functions\todojuan.Functions.csproj", "{E23C953F-7437-40EC-9931-F427698B0C6A}"
EndProject
Project("{9A19103F-16F7-4668-BE54-9A1E7A4F7556}") = "todojuan.Test", "todojuan.Test\todojuan.Test.csproj", "{264D49BD-B5DF-49A1-9B1E-65F37EB7F580}"
EndProject
Global
	GlobalSection(SolutionConfigurationPlatforms) = preSolution
		Debug|Any CPU = Debug|Any CPU
		Release|Any CPU = Release|Any CPU
	EndGlobalSection
	GlobalSection(ProjectConfigurationPlatforms) = postSolution
		{B74115C2-5746-4C43-B6B4-BFF378166EB7}.Debug|Any CPU.ActiveCfg = Debug|Any CPU
		{B74115C2-5746-4C43-B6B4-BFF378166EB7}.Debug|Any CPU.Build.0 = Debug|Any CPU
		{B74115C2-5746-4C43-B6B4-BFF378166EB7}.Release|Any CPU.ActiveCfg = Release|Any CPU
		{B74115C2-5746-4C43-B6B4-BFF378166EB7}.Release|Any CPU.Build.0 = Release|Any CPU
		{E23C953F-7437-40EC-9931-F427698B0C6A}.Debug|Any CPU.ActiveCfg = Debug|Any CPU
		{E23C953F-7437-40EC-9931-F427698B0C6A}.Debug|Any CPU.Build.0 = Debug|Any CPU
		{E23C953F-7437-40EC-9931-F427698B0C6A}.Release|Any CPU.ActiveCfg = Release|Any CPU
		{E23C953F-7437-40EC-9931-F427698B0C6A}.Release|Any CPU.Build.0 = Release|Any CPU
		{264D49BD-B5DF-49A1-9B1E-65F37EB7F580}.Debug|Any CPU.ActiveCfg = Debug|Any CPU
		{264D49BD-B5DF-49A1-9B1E-65F37EB7F580}.Debug|Any CPU.Build.0 = Debug|Any CPU
		{264D49BD-B5DF-49A1-9B1E-65F37EB7F580}.Release|Any CPU.ActiveCfg = Release|Any CPU
		{264D49BD-B5DF-49A1-9B1E-65F37EB7F580}.Release|Any CPU.Build.0 = Release|Any CPU
	EndGlobalSection
	GlobalSection(SolutionProperties) = preSolution
		HideSolutionNode = FALSE
	EndGlobalSection
	GlobalSection(ExtensibilityGlobals) = postSolution
		SolutionGuid = {93F26B4A-91DF-412C-BFED-64F864D8B123}
	EndGlobalSection
EndGlobal
